schema: '2.0'
stages:
  prepare:
    cmd: python src/prepare.py
    deps:
    - path: data/raw/students.csv
      hash: md5
      md5: f5f061c40d731212746b7d59e8d667b1
      size: 175071
    - path: src/prepare.py
      hash: md5
      md5: 4934fe39e75ac769dd40d97dce41ca7e
      size: 1153
    params:
      params.yaml:
        prepare.pass_threshold: 60
        prepare.random_state: 42
        prepare.target_column: pass_fail
        prepare.test_size: 0.2
    outs:
    - path: data/processed/test.csv
      hash: md5
      md5: 9d64eb3b7b4a93fd4fae3b95fe242288
      size: 28667
    - path: data/processed/train.csv
      hash: md5
      md5: df7f5aad04378d8e0facea78f01f9109
      size: 114499
  features:
    cmd: python src/features.py
    deps:
    - path: data/processed/test.csv
      hash: md5
      md5: 9d64eb3b7b4a93fd4fae3b95fe242288
      size: 28667
    - path: data/processed/train.csv
      hash: md5
      md5: df7f5aad04378d8e0facea78f01f9109
      size: 114499
    - path: src/features.py
      hash: md5
      md5: 7714f81365e486f2f87fdeb940900a48
      size: 1729
    outs:
    - path: data/processed/X_test.pkl
      hash: md5
      md5: ce369640ba510f6e893c1ef3fa947095
      size: 88771
    - path: data/processed/X_train.pkl
      hash: md5
      md5: c18f2f9dda161d24b68ee2e217e020ef
      size: 354547
    - path: data/processed/preprocessor.pkl
      hash: md5
      md5: 5178d622cfbe81be0fa5bb5b88754b44
      size: 2424
    - path: data/processed/y_test.pkl
      hash: md5
      md5: a135b02d724b7a571c16d8ab2dff7cd6
      size: 14920
    - path: data/processed/y_train.pkl
      hash: md5
      md5: e7269b7badbada1431f115e22a28a697
      size: 59216
